
Microsoft Visual Studio Solution File, Format Version 12.00
# Visual Studio Version 16
VisualStudioVersion = 16.0.32413.511
MinimumVisualStudioVersion = 10.0.40219.1
Project("{FAE04EC0-301F-11D3-BF4B-00C04F79EFBC}") = "RockScissorsPaper", "RockScissorsPaper\RockScissorsPaper.csproj", "{2DB72FDA-37EE-4411-945D-C1721F7A6F21}"
EndProject
Global
	GlobalSection(SolutionConfigurationPlatforms) = preSolution
		Debug|Any CPU = Debug|Any CPU
		Release|Any CPU = Release|Any CPU
	EndGlobalSection
	GlobalSection(ProjectConfigurationPlatforms) = postSolution
		{2DB72FDA-37EE-4411-945D-C1721F7A6F21}.Debug|Any CPU.ActiveCfg = Debug|Any CPU
		{2DB72FDA-37EE-4411-945D-C1721F7A6F21}.Debug|Any CPU.Build.0 = Debug|Any CPU
		{2DB72FDA-37EE-4411-945D-C1721F7A6F21}.Release|Any CPU.ActiveCfg = Release|Any CPU
		{2DB72FDA-37EE-4411-945D-C1721F7A6F21}.Release|Any CPU.Build.0 = Release|Any CPU
	EndGlobalSection
	GlobalSection(SolutionProperties) = preSolution
		HideSolutionNode = FALSE
	EndGlobalSection
	GlobalSection(ExtensibilityGlobals) = postSolution
		SolutionGuid = {5268E3CA-6DF2-4210-A2FA-F9EE48FC2B30}
	EndGlobalSection
EndGlobal
